
Microsoft Visual Studio Solution File, Format Version 12.00
# Visual Studio Version 17
VisualStudioVersion = 17.4.33110.190
MinimumVisualStudioVersion = 10.0.40219.1
Project("{FAE04EC0-301F-11D3-BF4B-00C04F79EFBC}") = "TrackingAPI", "TrackingAPI\TrackingAPI.csproj", "{45F226D1-80CF-4686-B650-7867817C3BFC}"
EndProject
Global
	GlobalSection(SolutionConfigurationPlatforms) = preSolution
		Debug|Any CPU = Debug|Any CPU
		Release|Any CPU = Release|Any CPU
	EndGlobalSection
	GlobalSection(ProjectConfigurationPlatforms) = postSolution
		{45F226D1-80CF-4686-B650-7867817C3BFC}.Debug|Any CPU.ActiveCfg = Debug|Any CPU
		{45F226D1-80CF-4686-B650-7867817C3BFC}.Debug|Any CPU.Build.0 = Debug|Any CPU
		{45F226D1-80CF-4686-B650-7867817C3BFC}.Release|Any CPU.ActiveCfg = Release|Any CPU
		{45F226D1-80CF-4686-B650-7867817C3BFC}.Release|Any CPU.Build.0 = Release|Any CPU
	EndGlobalSection
	GlobalSection(SolutionProperties) = preSolution
		HideSolutionNode = FALSE
	EndGlobalSection
	GlobalSection(ExtensibilityGlobals) = postSolution
		SolutionGuid = {979AA3D4-89A0-4138-BE4B-60DD9AB98AEA}
	EndGlobalSection
EndGlobal
